{
  "version": 4,
  "terraform_version": "1.1.6",
  "serial": 146,
  "lineage": "80b24c77-712d-634d-72ac-f89c661b789c",
  "outputs": {
    "ip_address": {
      "value": "10.128.0.32",
      "type": "string"
    }
  },
  "resources": [
    {
      "mode": "managed",
      "type": "yandex_compute_instance",
      "name": "vm-1",
      "provider": "provider[\"registry.terraform.io/yandex-cloud/yandex\"]",
      "instances": [
        {
          "schema_version": 1,
          "attributes": {
            "allow_stopping_for_update": null,
            "boot_disk": [
              {
                "auto_delete": true,
                "device_name": "fhmvbtn4tohathd6095c",
                "disk_id": "fhmvbtn4tohathd6095c",
                "initialize_params": [
                  {
                    "block_size": 4096,
                    "description": "",
                    "image_id": "fd8mfc6omiki5govl68h",
                    "name": "",
                    "size": 5,
                    "snapshot_id": "",
                    "type": "network-hdd"
                  }
                ],
                "mode": "READ_WRITE"
              }
            ],
            "created_at": "2022-08-04T12:10:03Z",
            "description": "",
            "folder_id": "b1g3m6he3dc9r6rs339r",
            "fqdn": "fhm4coi5bmbpdpegee1g.auto.internal",
            "hostname": "fhm4coi5bmbpdpegee1g",
            "id": "fhm4coi5bmbpdpegee1g",
            "labels": null,
            "metadata": {
              "serial-port-enable": "1",
              "user-data": "#cloud-config\nusers:\n  - name: ansible\n    groups: sudo\n    shell: /bin/bash\n    sudo: ['ALL=(ALL) NOPASSWD:ALL']\n    ssh-authorized-keys:\n      - ssh-rsa AAAAB3NzaC1yc2EAAAADAQABAAACAQCnnpDEhU04UYgoPlTduujtQt7dY+AAlfOXSzHmt8MXftZqdLVObl53kSLcbsri8ssyGsN7xT/pbHn4DOFYsN09SiZOs6m5sbFtii4JIhZMtmTIGajN5J1xLRN1zxlxL6RbjJiAGUkfcvsOGNnIFWfGdpomyx/qFvMnop6M3yYVXp7cugpTUiDAbcqgqlf2JHujkY3lqw8wCkO8JJjn0Gmub4M2XuyUp/sI8iCxX1TQn6Wa7ZN72hJQtCCQDuxJ5FPjNOciiJ5BSqNSFYdZWQkcAY7ieVxVQECahS8XfFii65H1Mt6qo8nxFd7hq4fkSxTJ8h8keyP/ZSRDsrxpeuL7WXVO8YXWAyy6VXRcwSFhXLQu1jA4HKwDpEX3ts13w+PlA0Ia9dW0oIZoXSVaGcy0AwxCLF6wq0z39Nw5JkA2RM/t0lse3uCZfvZGUOEap0nAy7VdEoHAvTzBV7sZ4mUcM0jZtFqiksKL7TXQmwv5lKs8fXjcTu58XoW9UGk46hboh2B+0ct3ok22wAe6CNRiERhUjPjAHHClaTi6gJvZcT3ypEJoETQyWjv9ZybgN1QdDA5SI+a08NNcGiMOAY9BisJ6eMdqPOIq8t1hbvBafBxJnpfQwcrPNXRTDEdbxk6Vg7fGIcj2L2ipvLaCCpVH6/tLws1YOMu6OtjjGQpLsw== vav@vav-All-Series\n"
            },
            "name": "chapter5-lesson2-alexander-volokhov",
            "network_acceleration_type": "standard",
            "network_interface": [
              {
                "dns_record": [],
                "index": 0,
                "ip_address": "10.128.0.32",
                "ipv4": true,
                "ipv6": false,
                "ipv6_address": "",
                "ipv6_dns_record": [],
                "mac_address": "d0:0d:46:62:45:5d",
                "nat": true,
                "nat_dns_record": [],
                "nat_ip_address": "51.250.86.102",
                "nat_ip_version": "IPV4",
                "security_group_ids": [],
                "subnet_id": "e9bl0ugcc93h3sq34gs9"
              }
            ],
            "placement_policy": [
              {
                "placement_group_id": ""
              }
            ],
            "platform_id": "standard-v1",
            "resources": [
              {
                "core_fraction": 100,
                "cores": 2,
                "gpus": 0,
                "memory": 2
              }
            ],
            "scheduling_policy": [
              {
                "preemptible": false
              }
            ],
            "secondary_disk": [],
            "service_account_id": "",
            "status": "running",
            "timeouts": null,
            "zone": "ru-central1-a"
          },
          "sensitive_attributes": [
            [
              {
                "type": "get_attr",
                "value": "boot_disk"
              },
              {
                "type": "index",
                "value": {
                  "value": 0,
                  "type": "number"
                }
              },
              {
                "type": "get_attr",
                "value": "initialize_params"
              },
              {
                "type": "index",
                "value": {
                  "value": 0,
                  "type": "number"
                }
              },
              {
                "type": "get_attr",
                "value": "image_id"
              }
            ]
          ],
          "private": "eyJlMmJmYjczMC1lY2FhLTExZTYtOGY4OC0zNDM2M2JjN2M0YzAiOnsiY3JlYXRlIjozMDAwMDAwMDAwMDAsImRlbGV0ZSI6MzAwMDAwMDAwMDAwLCJ1cGRhdGUiOjMwMDAwMDAwMDAwMH0sInNjaGVtYV92ZXJzaW9uIjoiMSJ9",
          "dependencies": [
            "yandex_vpc_network.net121",
            "yandex_vpc_subnet.subnet121"
          ]
        }
      ]
    },
    {
      "mode": "managed",
      "type": "yandex_vpc_network",
      "name": "net121",
      "provider": "provider[\"registry.terraform.io/yandex-cloud/yandex\"]",
      "instances": [
        {
          "schema_version": 0,
          "attributes": {
            "created_at": "2022-08-04T12:10:01Z",
            "default_security_group_id": "",
            "description": "",
            "folder_id": "b1g3m6he3dc9r6rs339r",
            "id": "enprv9bufgn10qrgk877",
            "labels": {},
            "name": "mynetwork121",
            "subnet_ids": [],
            "timeouts": null
          },
          "sensitive_attributes": [],
          "private": "eyJlMmJmYjczMC1lY2FhLTExZTYtOGY4OC0zNDM2M2JjN2M0YzAiOnsiY3JlYXRlIjo2MDAwMDAwMDAwMCwiZGVsZXRlIjo2MDAwMDAwMDAwMCwidXBkYXRlIjo2MDAwMDAwMDAwMH19"
        }
      ]
    },
    {
      "mode": "managed",
      "type": "yandex_vpc_subnet",
      "name": "subnet121",
      "provider": "provider[\"registry.terraform.io/yandex-cloud/yandex\"]",
      "instances": [
        {
          "schema_version": 0,
          "attributes": {
            "created_at": "2022-08-04T12:10:02Z",
            "description": "",
            "dhcp_options": [],
            "folder_id": "b1g3m6he3dc9r6rs339r",
            "id": "e9bl0ugcc93h3sq34gs9",
            "labels": {},
            "name": "",
            "network_id": "enprv9bufgn10qrgk877",
            "route_table_id": "",
            "timeouts": null,
            "v4_cidr_blocks": [
              "10.128.0.0/24"
            ],
            "v6_cidr_blocks": [],
            "zone": "ru-central1-a"
          },
          "sensitive_attributes": [
            [
              {
                "type": "get_attr",
                "value": "zone"
              }
            ]
          ],
          "private": "eyJlMmJmYjczMC1lY2FhLTExZTYtOGY4OC0zNDM2M2JjN2M0YzAiOnsiY3JlYXRlIjoxODAwMDAwMDAwMDAsImRlbGV0ZSI6MTgwMDAwMDAwMDAwLCJ1cGRhdGUiOjE4MDAwMDAwMDAwMH19",
          "dependencies": [
            "yandex_vpc_network.net121"
          ]
        }
      ]
    }
  ]
}
