{
  "version": 4,
  "terraform_version": "1.1.6",
  "serial": 389,
  "lineage": "f995f919-7c7b-89cd-dee7-52528a6f5acf",
  "outputs": {},
  "resources": [
    {
      "mode": "managed",
      "type": "yandex_iam_service_account",
      "name": "vav",
      "provider": "provider[\"registry.terraform.io/yandex-cloud/yandex\"]",
      "instances": [
        {
          "schema_version": 0,
          "attributes": {
            "created_at": "2022-07-15T10:20:51Z",
            "description": "\u003cописание сервисного аккаунта\u003e",
            "folder_id": "b1g3m6he3dc9r6rs339r",
            "id": "aje5pqpbrnhjk67i3d85",
            "name": "vav",
            "timeouts": null
          },
          "sensitive_attributes": [],
          "private": "eyJlMmJmYjczMC1lY2FhLTExZTYtOGY4OC0zNDM2M2JjN2M0YzAiOnsiY3JlYXRlIjo2MDAwMDAwMDAwMCwiZGVsZXRlIjo2MDAwMDAwMDAwMCwidXBkYXRlIjo2MDAwMDAwMDAwMH19"
        }
      ]
    },
    {
      "mode": "managed",
      "type": "yandex_kubernetes_cluster",
      "name": "volokhov1",
      "provider": "provider[\"registry.terraform.io/yandex-cloud/yandex\"]",
      "instances": [
        {
          "schema_version": 0,
          "attributes": {
            "cluster_ipv4_range": "10.112.0.0/16",
            "cluster_ipv6_range": "",
            "created_at": "2022-07-15T10:21:19Z",
            "description": "",
            "folder_id": "b1g3m6he3dc9r6rs339r",
            "health": "healthy",
            "id": "catcv9jnnn6r6gnngj4t",
            "kms_provider": [],
            "labels": {},
            "log_group_id": "ckgl83tbvah5ott389a5",
            "master": [
              {
                "cluster_ca_certificate": "-----BEGIN CERTIFICATE-----\nMIIC5zCCAc+gAwIBAgIBADANBgkqhkiG9w0BAQsFADAVMRMwEQYDVQQDEwprdWJl\ncm5ldGVzMB4XDTIyMDcxNTEwMjEyMVoXDTMyMDcxMjEwMjEyMVowFTETMBEGA1UE\nAxMKa3ViZXJuZXRlczCCASIwDQYJKoZIhvcNAQEBBQADggEPADCCAQoCggEBAOIX\ngiIyAVs/AfChTZYy3CI9KwSniqgjABvsZ4al/V/v7OaIYj5sbl7keOUwifGKrqgB\ncOi3Ke4W4tE6Q+sGmZbBg1DrlMhU02U1rhnH95vWFoz9zM+gaqnCuMFC9Ay/tYBc\nbSpkQ9wAtnIssIJHxsgrlKMPUxIyqTcZFNDpQTrlKqY1olBc/8Z0F4q1AjEOLbyv\n6q4C+S6Q0v7O1jOiFcfWCJifoRR9R7DUeOIvQhnJdhNSSmUCI93r7wmGad4g2jc0\nH23MZIb4GTW+CAtIdD6gIGC86GijNh8qA60YN02703laEW3x++oSrIfLw4Zn2rkt\nAWZoQKGLGA3faLtqIN0CAwEAAaNCMEAwDgYDVR0PAQH/BAQDAgKkMA8GA1UdEwEB\n/wQFMAMBAf8wHQYDVR0OBBYEFIs2MnR4Wr46zZz17rID+A738TzrMA0GCSqGSIb3\nDQEBCwUAA4IBAQCWvEZ0l/Lif0ibsr+pat3hZ8ZO36CCi9nT0tViB31H/LmU46sp\n7k/Ck3ZUnPwT4ugszleGsZcOiHqCVwmW6FGrukJyeI3+55feXIb1xWST9zbMGvPC\npil4ie5VBjW0Xba+aAES1hIMA7MvxYdApIJW24XGdrYZ2v6Hlg9ar9nKMQrRRYMC\nCXs2tZkNqb6wNBnMePg74IwpLPorNYWxL95YyT5uHQyGYAwdGllCmJV5DB9LqpW/\n8DvoTXiF/biFXpKl3QJf7OVDqXyaX9FgnlAiY/f7ekstYCGLV8aFdwpq2a8RQJPM\nYhucUFC14/GJN4GPuXgzZrdTWhg/eTtGqHu2\n-----END CERTIFICATE-----\n",
                "external_v4_address": "51.250.18.152",
                "external_v4_endpoint": "https://51.250.18.152",
                "internal_v4_address": "10.0.0.7",
                "internal_v4_endpoint": "https://10.0.0.7",
                "maintenance_policy": [
                  {
                    "auto_upgrade": true,
                    "maintenance_window": []
                  }
                ],
                "public_ip": true,
                "regional": [],
                "security_group_ids": null,
                "version": "1.20",
                "version_info": [
                  {
                    "current_version": "1.20",
                    "new_revision_available": false,
                    "new_revision_summary": "",
                    "version_deprecated": false
                  }
                ],
                "zonal": [
                  {
                    "subnet_id": "e2ldao9um3aume1jctc0",
                    "zone": "ru-central1-b"
                  }
                ]
              }
            ],
            "name": "volokhov1",
            "network_id": "enp0jkrt0to0lngs1p98",
            "network_implementation": [],
            "network_policy_provider": null,
            "node_ipv4_cidr_mask_size": 24,
            "node_service_account_id": "aje5pqpbrnhjk67i3d85",
            "release_channel": "REGULAR",
            "service_account_id": "aje5pqpbrnhjk67i3d85",
            "service_ipv4_range": "10.96.0.0/16",
            "service_ipv6_range": "",
            "status": "running",
            "timeouts": null
          },
          "sensitive_attributes": [],
          "private": "eyJlMmJmYjczMC1lY2FhLTExZTYtOGY4OC0zNDM2M2JjN2M0YzAiOnsiY3JlYXRlIjoxODAwMDAwMDAwMDAwLCJkZWxldGUiOjEyMDAwMDAwMDAwMDAsInJlYWQiOjMwMDAwMDAwMDAwMCwidXBkYXRlIjoxODAwMDAwMDAwMDAwfX0=",
          "dependencies": [
            "yandex_iam_service_account.vav",
            "yandex_resourcemanager_folder_iam_binding.editor",
            "yandex_resourcemanager_folder_iam_binding.images-puller",
            "yandex_vpc_network.mynetwork",
            "yandex_vpc_subnet.mysubnet"
          ]
        }
      ]
    },
    {
      "mode": "managed",
      "type": "yandex_kubernetes_node_group",
      "name": "mynodegroup",
      "provider": "provider[\"registry.terraform.io/yandex-cloud/yandex\"]",
      "instances": [
        {
          "schema_version": 0,
          "attributes": {
            "allocation_policy": [
              {
                "location": [
                  {
                    "subnet_id": "e2ldao9um3aume1jctc0",
                    "zone": "ru-central1-b"
                  }
                ]
              }
            ],
            "allowed_unsafe_sysctls": null,
            "cluster_id": "catcv9jnnn6r6gnngj4t",
            "created_at": "2022-07-15T10:29:42Z",
            "deploy_policy": [
              {
                "max_expansion": 3,
                "max_unavailable": 0
              }
            ],
            "description": "description",
            "id": "cati6so7q4nalch52oss",
            "instance_group_id": "cl1l4v24nc3jv22r3ju5",
            "instance_template": [
              {
                "boot_disk": [
                  {
                    "size": 64,
                    "type": "network-hdd"
                  }
                ],
                "container_runtime": [
                  {
                    "type": "docker"
                  }
                ],
                "metadata": {},
                "nat": true,
                "network_acceleration_type": "type_unspecified",
                "network_interface": [
                  {
                    "ipv4": true,
                    "ipv6": false,
                    "nat": true,
                    "security_group_ids": null,
                    "subnet_ids": [
                      "e2ldao9um3aume1jctc0"
                    ]
                  }
                ],
                "placement_policy": [],
                "platform_id": "standard-v1",
                "resources": [
                  {
                    "core_fraction": 100,
                    "cores": 2,
                    "gpus": 0,
                    "memory": 2
                  }
                ],
                "scheduling_policy": [
                  {
                    "preemptible": false
                  }
                ]
              }
            ],
            "labels": {
              "key": "value"
            },
            "maintenance_policy": [
              {
                "auto_repair": true,
                "auto_upgrade": true,
                "maintenance_window": [
                  {
                    "day": "friday",
                    "duration": "4h30m",
                    "start_time": "10:00"
                  },
                  {
                    "day": "monday",
                    "duration": "3h",
                    "start_time": "15:00"
                  }
                ]
              }
            ],
            "name": "mynodegroup",
            "node_labels": null,
            "node_taints": null,
            "scale_policy": [
              {
                "auto_scale": [],
                "fixed_scale": [
                  {
                    "size": 1
                  }
                ]
              }
            ],
            "status": "running",
            "timeouts": null,
            "version": "1.20",
            "version_info": [
              {
                "current_version": "1.20",
                "new_revision_available": false,
                "new_revision_summary": "",
                "version_deprecated": false
              }
            ]
          },
          "sensitive_attributes": [],
          "private": "eyJlMmJmYjczMC1lY2FhLTExZTYtOGY4OC0zNDM2M2JjN2M0YzAiOnsiY3JlYXRlIjozNjAwMDAwMDAwMDAwLCJkZWxldGUiOjEyMDAwMDAwMDAwMDAsInJlYWQiOjYwMDAwMDAwMDAwMCwidXBkYXRlIjozNjAwMDAwMDAwMDAwfX0=",
          "dependencies": [
            "yandex_iam_service_account.vav",
            "yandex_kubernetes_cluster.volokhov1",
            "yandex_resourcemanager_folder_iam_binding.editor",
            "yandex_resourcemanager_folder_iam_binding.images-puller",
            "yandex_vpc_network.mynetwork",
            "yandex_vpc_subnet.mysubnet"
          ]
        }
      ]
    },
    {
      "mode": "managed",
      "type": "yandex_resourcemanager_folder_iam_binding",
      "name": "editor",
      "provider": "provider[\"registry.terraform.io/yandex-cloud/yandex\"]",
      "instances": [
        {
          "schema_version": 0,
          "attributes": {
            "folder_id": "b1g3m6he3dc9r6rs339r",
            "id": "b1g3m6he3dc9r6rs339r/editor",
            "members": [
              "serviceAccount:aje5pqpbrnhjk67i3d85"
            ],
            "role": "editor",
            "sleep_after": null
          },
          "sensitive_attributes": [],
          "private": "bnVsbA==",
          "dependencies": [
            "yandex_iam_service_account.vav"
          ]
        }
      ]
    },
    {
      "mode": "managed",
      "type": "yandex_resourcemanager_folder_iam_binding",
      "name": "images-puller",
      "provider": "provider[\"registry.terraform.io/yandex-cloud/yandex\"]",
      "instances": [
        {
          "schema_version": 0,
          "attributes": {
            "folder_id": "b1g3m6he3dc9r6rs339r",
            "id": "b1g3m6he3dc9r6rs339r/container-registry.images.puller",
            "members": [
              "serviceAccount:aje5pqpbrnhjk67i3d85"
            ],
            "role": "container-registry.images.puller",
            "sleep_after": null
          },
          "sensitive_attributes": [],
          "private": "bnVsbA==",
          "dependencies": [
            "yandex_iam_service_account.vav"
          ]
        }
      ]
    },
    {
      "mode": "managed",
      "type": "yandex_vpc_network",
      "name": "mynetwork",
      "provider": "provider[\"registry.terraform.io/yandex-cloud/yandex\"]",
      "instances": [
        {
          "schema_version": 0,
          "attributes": {
            "created_at": "2022-07-15T10:21:17Z",
            "default_security_group_id": "",
            "description": "",
            "folder_id": "b1g3m6he3dc9r6rs339r",
            "id": "enp0jkrt0to0lngs1p98",
            "labels": {},
            "name": "mynetwork",
            "subnet_ids": [],
            "timeouts": null
          },
          "sensitive_attributes": [],
          "private": "eyJlMmJmYjczMC1lY2FhLTExZTYtOGY4OC0zNDM2M2JjN2M0YzAiOnsiY3JlYXRlIjo2MDAwMDAwMDAwMCwiZGVsZXRlIjo2MDAwMDAwMDAwMCwidXBkYXRlIjo2MDAwMDAwMDAwMH19"
        }
      ]
    },
    {
      "mode": "managed",
      "type": "yandex_vpc_subnet",
      "name": "mysubnet",
      "provider": "provider[\"registry.terraform.io/yandex-cloud/yandex\"]",
      "instances": [
        {
          "schema_version": 0,
          "attributes": {
            "created_at": "2022-07-15T10:21:18Z",
            "description": "",
            "dhcp_options": [],
            "folder_id": "b1g3m6he3dc9r6rs339r",
            "id": "e2ldao9um3aume1jctc0",
            "labels": {},
            "name": "mysubnet",
            "network_id": "enp0jkrt0to0lngs1p98",
            "route_table_id": "",
            "timeouts": null,
            "v4_cidr_blocks": [
              "10.0.0.0/24"
            ],
            "v6_cidr_blocks": [],
            "zone": "ru-central1-b"
          },
          "sensitive_attributes": [],
          "private": "eyJlMmJmYjczMC1lY2FhLTExZTYtOGY4OC0zNDM2M2JjN2M0YzAiOnsiY3JlYXRlIjoxODAwMDAwMDAwMDAsImRlbGV0ZSI6MTgwMDAwMDAwMDAwLCJ1cGRhdGUiOjE4MDAwMDAwMDAwMH19",
          "dependencies": [
            "yandex_vpc_network.mynetwork"
          ]
        }
      ]
    }
  ]
}
